Microsoft Visual Studio Solution File, Format Version 12.00
# Visual Studio 2012
Project("{FAE04EC0-301F-11D3-BF4B-00C04F79EFBC}") = "TopDown3DRenderingDemo", "TopDown3DRenderingDemo.csproj", "{EBFED13D-A651-4FB5-8BC6-60171552DE89}"
EndProject
Global
	GlobalSection(SolutionConfigurationPlatforms) = preSolution
	Debug|Any CPU = Debug|Any CPU
	ExportDebug|Any CPU = ExportDebug|Any CPU
	ExportRelease|Any CPU = ExportRelease|Any CPU
	EndGlobalSection
	GlobalSection(ProjectConfigurationPlatforms) = postSolution
		{EBFED13D-A651-4FB5-8BC6-60171552DE89}.Debug|Any CPU.ActiveCfg = Debug|Any CPU
		{EBFED13D-A651-4FB5-8BC6-60171552DE89}.Debug|Any CPU.Build.0 = Debug|Any CPU
		{EBFED13D-A651-4FB5-8BC6-60171552DE89}.ExportDebug|Any CPU.ActiveCfg = ExportDebug|Any CPU
		{EBFED13D-A651-4FB5-8BC6-60171552DE89}.ExportDebug|Any CPU.Build.0 = ExportDebug|Any CPU
		{EBFED13D-A651-4FB5-8BC6-60171552DE89}.ExportRelease|Any CPU.ActiveCfg = ExportRelease|Any CPU
		{EBFED13D-A651-4FB5-8BC6-60171552DE89}.ExportRelease|Any CPU.Build.0 = ExportRelease|Any CPU
	EndGlobalSection
EndGlobal
